
Microsoft Visual Studio Solution File, Format Version 12.00
Project("{2150E333-8FDC-42A3-9474-1A3956D46DE8}") = "src", "src", "{949D4DA4-799B-4D1F-BF37-2D630938EE80}"
EndProject
Project("{2150E333-8FDC-42A3-9474-1A3956D46DE8}") = "tests", "tests", "{1514A5B2-542F-47DF-857E-32F2782931DE}"
EndProject
Project("{2150E333-8FDC-42A3-9474-1A3956D46DE8}") = "Solution Items", "Solution Items", "{77BD83BA-E409-441E-A458-4FE08D6107A4}"
	ProjectSection(SolutionItems) = preProject
		.gitignore = .gitignore
		TechnicalQuestions.md = TechnicalQuestions.md
	EndProjectSection
EndProject
Project("{FAE04EC0-301F-11D3-BF4B-00C04F79EFBC}") = "OkalaCryptoQuote.Infrastructure", "src\OkalaCryptoQuote.Infrastructure\OkalaCryptoQuote.Infrastructure.csproj", "{19992948-D918-4996-8256-D4CE572FD95C}"
EndProject
Project("{FAE04EC0-301F-11D3-BF4B-00C04F79EFBC}") = "OkalaCryptoQuote.Domain", "src\OkalaCryptoQuote.Domain\OkalaCryptoQuote.Domain.csproj", "{D2735EDB-ECFE-45AE-B40E-699D2D6B8205}"
EndProject
Project("{FAE04EC0-301F-11D3-BF4B-00C04F79EFBC}") = "OkalaCryptoQuote.Application", "src\OkalaCryptoQuote.Application\OkalaCryptoQuote.Application.csproj", "{B0EFCF5C-6430-44C4-87CE-BA20FEBABD57}"
EndProject
Project("{FAE04EC0-301F-11D3-BF4B-00C04F79EFBC}") = "OkalaCryptoQuote.Api", "src\OkalaCryptoQuote.Api\OkalaCryptoQuote.Api.csproj", "{395A4FE2-EDCE-412E-B299-98704DAEA370}"
EndProject
Global
	GlobalSection(SolutionConfigurationPlatforms) = preSolution
		Debug|Any CPU = Debug|Any CPU
		Release|Any CPU = Release|Any CPU
	EndGlobalSection
	GlobalSection(ProjectConfigurationPlatforms) = postSolution
		{19992948-D918-4996-8256-D4CE572FD95C}.Debug|Any CPU.ActiveCfg = Debug|Any CPU
		{19992948-D918-4996-8256-D4CE572FD95C}.Debug|Any CPU.Build.0 = Debug|Any CPU
		{19992948-D918-4996-8256-D4CE572FD95C}.Release|Any CPU.ActiveCfg = Release|Any CPU
		{19992948-D918-4996-8256-D4CE572FD95C}.Release|Any CPU.Build.0 = Release|Any CPU
		{D2735EDB-ECFE-45AE-B40E-699D2D6B8205}.Debug|Any CPU.ActiveCfg = Debug|Any CPU
		{D2735EDB-ECFE-45AE-B40E-699D2D6B8205}.Debug|Any CPU.Build.0 = Debug|Any CPU
		{D2735EDB-ECFE-45AE-B40E-699D2D6B8205}.Release|Any CPU.ActiveCfg = Release|Any CPU
		{D2735EDB-ECFE-45AE-B40E-699D2D6B8205}.Release|Any CPU.Build.0 = Release|Any CPU
		{B0EFCF5C-6430-44C4-87CE-BA20FEBABD57}.Debug|Any CPU.ActiveCfg = Debug|Any CPU
		{B0EFCF5C-6430-44C4-87CE-BA20FEBABD57}.Debug|Any CPU.Build.0 = Debug|Any CPU
		{B0EFCF5C-6430-44C4-87CE-BA20FEBABD57}.Release|Any CPU.ActiveCfg = Release|Any CPU
		{B0EFCF5C-6430-44C4-87CE-BA20FEBABD57}.Release|Any CPU.Build.0 = Release|Any CPU
		{395A4FE2-EDCE-412E-B299-98704DAEA370}.Debug|Any CPU.ActiveCfg = Debug|Any CPU
		{395A4FE2-EDCE-412E-B299-98704DAEA370}.Debug|Any CPU.Build.0 = Debug|Any CPU
		{395A4FE2-EDCE-412E-B299-98704DAEA370}.Release|Any CPU.ActiveCfg = Release|Any CPU
		{395A4FE2-EDCE-412E-B299-98704DAEA370}.Release|Any CPU.Build.0 = Release|Any CPU
	EndGlobalSection
	GlobalSection(NestedProjects) = preSolution
		{19992948-D918-4996-8256-D4CE572FD95C} = {949D4DA4-799B-4D1F-BF37-2D630938EE80}
		{D2735EDB-ECFE-45AE-B40E-699D2D6B8205} = {949D4DA4-799B-4D1F-BF37-2D630938EE80}
		{B0EFCF5C-6430-44C4-87CE-BA20FEBABD57} = {949D4DA4-799B-4D1F-BF37-2D630938EE80}
		{395A4FE2-EDCE-412E-B299-98704DAEA370} = {949D4DA4-799B-4D1F-BF37-2D630938EE80}
	EndGlobalSection
EndGlobal
